<?xml version="1.0" encoding="utf-8"?>
<Project ToolsVersion="4.0" xmlns="http://schemas.microsoft.com/developer/msbuild/2003">
  <ItemGroup>
    <FxCompile Include="resources\engine\Shaders\Black.PS.hlsl" />
    <FxCompile Include="resources\engine\Shaders\Compute\Skinning.CS.hlsl" />
    <FxCompile Include="resources\engine\Shaders\Default.PS.hlsl" />
    <FxCompile Include="resources\engine\Shaders\Default.VS.hlsl" />
    <FxCompile Include="resources\engine\Shaders\DefaultSprite.PS.hlsl" />
    <FxCompile Include="resources\engine\Shaders\DefaultSprite.VS.hlsl" />
    <FxCompile Include="resources\engine\Shaders\Outline.VS.hlsl" />
    <FxCompile Include="resources\engine\Shaders\OutlineSkinned.VS.hlsl" />
    <FxCompile Include="resources\engine\Shaders\Primitive.PS.hlsl" />
    <FxCompile Include="resources\engine\Shaders\Primitive.VS.hlsl" />
    <FxCompile Include="resources\engine\Shaders\Toon.PS.hlsl" />
    <FxCompile Include="resources\game\Shaders\BackGround.PS.hlsl" />
    <FxCompile Include="resources\game\Shaders\BackGround.VS.hlsl" />
    <FxCompile Include="resources\game\Shaders\BallTrail.PS.hlsl" />
    <FxCompile Include="resources\game\Shaders\BallTrail.VS.hlsl" />
    <FxCompile Include="resources\engine\Shaders\Particle.PS.hlsl" />
    <FxCompile Include="resources\engine\Shaders\Particle.VS.hlsl" />
  </ItemGroup>
  <ItemGroup>
    <ClCompile Include="engine\Functions\ECS\System\CameraSystem.cpp" />
    <ClCompile Include="engine\Assets\Audio\Audio.cpp" />
    <ClCompile Include="engine\Editor\DataDriven\SceneSerializer.cpp" />
    <ClCompile Include="engine\Editor\EditUtils.cpp" />
    <ClCompile Include="engine\Functions\ECS\Component\LightComponent.cpp" />
    <ClCompile Include="engine\Functions\ECS\Component\SpriteComponent.cpp" />
    <ClCompile Include="engine\Functions\ECS\Component\Transform2DComponent.cpp" />
    <ClCompile Include="engine\Functions\ECS\Component\TransformComponent.cpp" />
    <ClCompile Include="engine\Functions\ECS\System\DebugCameraSystem.cpp" />
    <ClCompile Include="engine\Functions\ECS\System\EditSystem.cpp" />
    <ClCompile Include="engine\Functions\Renderer\Primitive.cpp" />
    <ClCompile Include="engine\Assets\ModelLoader.cpp" />
    <ClCompile Include="engine\Assets\Texture\TexUtil.cpp" />
    <ClCompile Include="engine\Functions\ECS\Registry.cpp" />
    <ClCompile Include="engine\Functions\ECS\System\AnimationSystem.cpp" />
    <ClCompile Include="engine\Functions\Input\Input.cpp" />
    <ClCompile Include="engine\Functions\Renderer\RenderContext.cpp" />
    <ClCompile Include="engine\Functions\Renderer\RenderPass\LightPass.cpp" />
    <ClCompile Include="engine\Functions\Renderer\RenderPass\MeshPass.cpp" />
    <ClCompile Include="engine\Functions\Renderer\RenderPass\PrimitivePass.cpp" />
    <ClCompile Include="engine\Functions\Renderer\RenderPass\RenderPassScheduler.cpp" />
    <ClCompile Include="engine\Functions\Renderer\RenderSystem.cpp" />
    <ClCompile Include="engine\Functions\Renderer\RenderPass\SpritePass.cpp" />
    <ClCompile Include="engine\Functions\Scene\SceneManager.cpp" />
    <ClCompile Include="engine\Math\Color\Color.cpp" />
    <ClCompile Include="engine\Math\Easing.cpp" />
    <ClCompile Include="engine\Math\Types\Calculations\Matrix3x3Calculations.cpp" />
    <ClCompile Include="engine\Math\Types\Calculations\Vector2Calculations.cpp" />
    <ClCompile Include="engine\Math\Types\Transform2D.cpp" />
    <ClCompile Include="engine\Runtime\Command\ComputeContext.cpp" />
    <ClCompile Include="engine\Runtime\GpuResource\PixelBuffer\DepthBuffer.cpp" />
    <ClCompile Include="engine\Assets\Texture\TextureManager.cpp" />
    <ClCompile Include="engine\Functions\Debug\CrashHandler\ExportDump.cpp" />
    <ClCompile Include="engine\Functions\Debug\GraphicsResourceLeakChecker.cpp" />
    <ClCompile Include="engine\Functions\Debug\Logger\Log.cpp" />
    <ClCompile Include="engine\Math\Types\Matrix3x3.cpp" />
    <ClCompile Include="engine\Math\Types\Transform.cpp" />
    <ClCompile Include="engine\Runtime\Command\CommandAllocator.cpp" />
    <ClCompile Include="engine\Runtime\Command\CommandAllocatorPool.cpp" />
    <ClCompile Include="engine\Runtime\Command\CommandContext.cpp" />
    <ClCompile Include="engine\Runtime\Command\CommandListManager.cpp" />
    <ClCompile Include="engine\Runtime\Command\CommandQueue.cpp" />
    <ClCompile Include="engine\Runtime\Command\GraphicsContext.cpp" />
    <ClCompile Include="engine\Runtime\ContextManager.cpp" />
    <ClCompile Include="engine\Runtime\DescriptorHeap\DescriptorAllocator.cpp" />
    <ClCompile Include="engine\Runtime\DescriptorHeap\DescriptorHeap.cpp" />
    <ClCompile Include="engine\Runtime\DescriptorHeap\DynamicDescriptorHeap.cpp" />
    <ClCompile Include="engine\Runtime\GameCore.cpp" />
    <ClCompile Include="engine\Runtime\GpuResource\GpuBuffer.cpp" />
    <ClCompile Include="engine\Runtime\GpuResource\GpuResource.cpp" />
    <ClCompile Include="engine\Runtime\GpuResource\LinearAllocator\LinearAllocationPage.cpp" />
    <ClCompile Include="engine\Runtime\GpuResource\LinearAllocator\LinearAllocator.cpp" />
    <ClCompile Include="engine\Runtime\GpuResource\LinearAllocator\LinearAllocatorPageManager.cpp" />
    <ClCompile Include="engine\Runtime\GpuResource\PixelBuffer\ColorBuffer.cpp" />
    <ClCompile Include="engine\Runtime\GpuResource\PixelBuffer\PixelBuffer.cpp" />
    <ClCompile Include="engine\Runtime\GpuResource\UploadBuffer.cpp" />
    <ClCompile Include="engine\Runtime\Graphics\GraphicsCommon.cpp" />
    <ClCompile Include="engine\Runtime\Graphics\GraphicsDevice.cpp" />
    <ClCompile Include="engine\Runtime\Graphics\GraphicsInfrastructures.cpp" />
    <ClCompile Include="engine\Runtime\GraphicsCore.cpp" />
    <ClCompile Include="engine\Runtime\Graphics\GraphicsSwapChain.cpp" />
    <ClCompile Include="engine\Runtime\PipelineStateObject\ComputePSO.cpp" />
    <ClCompile Include="engine\Runtime\PipelineStateObject\GraphicsPSO.cpp" />
    <ClCompile Include="engine\Runtime\PipelineStateObject\PSO.cpp" />
    <ClCompile Include="engine\Runtime\PipelineStateObject\RootSignature.cpp" />
    <ClCompile Include="engine\Functions\Shader\ShaderModule.cpp" />
    <ClCompile Include="engine\Functions\Shader\ShaderReflection.cpp" />
    <ClCompile Include="engine\Math\Types\Calculations\Matrix4x4Calculations.cpp" />
    <ClCompile Include="engine\Math\Types\Calculations\QuaternionCalculations.cpp" />
    <ClCompile Include="engine\Math\Types\Calculations\Vector3Calculations.cpp" />
    <ClCompile Include="engine\Math\Types\Matrix4x4.cpp" />
    <ClCompile Include="engine\Math\Types\Quaternion.cpp" />
    <ClCompile Include="engine\Math\Types\Vector2.cpp" />
    <ClCompile Include="engine\Math\Types\Vector3.cpp" />
    <ClCompile Include="engine\Math\Types\Vector4.cpp" />
    <ClCompile Include="engine\Utilities\Conversion\ConvertString.cpp" />
    <ClCompile Include="engine\Utilities\FileUtilities.cpp" />
    <ClCompile Include="engine\Window\Event\Default\CloseEvent.cpp" />
    <ClCompile Include="engine\Window\Event\Default\EnterSizeMoveEvent.cpp" />
    <ClCompile Include="engine\Window\Event\Default\GetMinMaxInfoEvent.cpp" />
    <ClCompile Include="engine\Window\Event\Default\SizeEvent.cpp" />
    <ClCompile Include="engine\Window\Event\Default\SizingEvent.cpp" />
    <ClCompile Include="engine\Window\Event\MainEditor\MainEditorWindowCloseEvent.cpp" />
    <ClCompile Include="engine\Window\Window.cpp" />
    <ClCompile Include="engine\Window\WindowManager.cpp" />
    <ClCompile Include="externals\imgui\imgui.cpp" />
    <ClCompile Include="externals\imgui\imgui_demo.cpp" />
    <ClCompile Include="externals\imgui\imgui_draw.cpp" />
    <ClCompile Include="externals\imgui\imgui_impl_dx12.cpp" />
    <ClCompile Include="externals\imgui\imgui_impl_win32.cpp" />
    <ClCompile Include="externals\imgui\imgui_tables.cpp" />
    <ClCompile Include="externals\imgui\imgui_widgets.cpp" />
    <ClCompile Include="engine\Editor\ImGuiManager.cpp" />
    <ClCompile Include="main.cpp" />
    <ClCompile Include="stdafx.cpp" />
    <ClCompile Include="engine\Assets\Texture\Texture.cpp" />
    <ClCompile Include="engine\Editor\DataDriven\SceneSerializer.cpp" />
    <ClCompile Include="application\TestApp\Scene\TestScene2.cpp" />
    <ClCompile Include="engine\Functions\ECS\System\CameraSystem.cpp" />
    <ClCompile Include="engine\Functions\ECS\System\DebugCameraSystem.cpp" />
    <ClCompile Include="engine\Functions\ECS\Component\CameraComponent.cpp" />
    <ClCompile Include="engine\Functions\Renderer\RenderPass\ParticlePass.cpp" />
    <ClCompile Include="application\TestApp\System\ParticleTestSystem.cpp" />
    <ClCompile Include="engine\Utilities\Random.cpp" />
    <ClCompile Include="engine\Functions\ECS\Component\StartTransformComponent.cpp" />
    <ClCompile Include="engine\Functions\Scene\IScene.cpp" />
    <ClCompile Include="engine\Functions\ECS\System\SystemManager.cpp" />
    <ClCompile Include="application\CommentBout\CommentBout.cpp" />
    <ClCompile Include="application\CommentBout\System\PlayerControlSystem.cpp" />
    <ClCompile Include="application\CommentBout\Collision\Utility\CollisionAlgorithms.cpp" />
    <ClCompile Include="application\CommentBout\Collision\System\CollisionSystem.cpp" />
    <ClCompile Include="application\CommentBout\System\LifetimeSystem.cpp" />
    <ClCompile Include="application\CommentBout\Component\PlayerAttackComponent.cpp" />
    <ClCompile Include="application\CommentBout\Scene\TitleScene.cpp" />
    <ClCompile Include="application\CommentBout\System\OutGame\OptionSystem.cpp" />
    <ClCompile Include="application\CommentBout\System\OutGame\OptionViewSystem.cpp" />
    <ClCompile Include="application\CommentBout\System\OutGame\PauseSystem.cpp" />
    <ClCompile Include="application\CommentBout\System\OutGame\PauseViewSystem.cpp" />
    <ClCompile Include="application\CommentBout\Scene\GameScene.cpp" />
    <ClCompile Include="application\CommentBout\Spawner\OptionMenuSpawner.cpp" />
    <ClCompile Include="application\CommentBout\System\OutGame\TitleSystem.cpp" />
    <ClCompile Include="application\CommentBout\System\OutGame\TitleViewSystem.cpp" />
    <ClCompile Include="application\CommentBout\Spawner\TitleMenuSpawner.cpp" />
    <ClCompile Include="application\CommentBout\Spawner\PauseMenuSpawner.cpp" />
    <ClCompile Include="application\CommentBout\Editor\GameEventEditor.cpp" />
    <ClCompile Include="application\CommentBout\Editor\RailCameraEditor.cpp" />
    <ClCompile Include="application\CommentBout\Data\RailDataIO.cpp" />
    <ClCompile Include="application\CommentBout\System\EnemySystem.cpp" />
    <ClCompile Include="application\CommentBout\System\RailCameraSystem.cpp" />
    <ClCompile Include="application\TestApp\Scene\TestScene.cpp" />
    <ClCompile Include="application\TestApp\Scene\TestScene2.cpp" />
    <ClCompile Include="application\TestApp\Scene\TestScene3.cpp" />
    <ClCompile Include="application\TestApp\System\TestSystem.cpp" />
    <ClCompile Include="application\TestApp\TestApp.cpp" />
    <ClCompile Include="application\CommentBout\Collision\Utility\CoordinateConverter.cpp" />
    <ClCompile Include="application\CommentBout\System\DamageApplySystem.cpp" />
    <ClCompile Include="application\CommentBout\System\PlayerAttackResolveSystem.cpp" />
    <ClCompile Include="application\CommentBout\System\EnemySpawnSystem.cpp" />
    <ClCompile Include="application\CommentBout\System\EnemyMoveSystem.cpp" />
    <ClCompile Include="application\CommentBout\System\EnemyContactDamageSystem.cpp" />
    <ClCompile Include="application\CommentBout\System\EnemyVisualSystem.cpp" />
    <ClCompile Include="application\CommentBout\System\PlayerInfoDebugSystem.cpp" />
    <ClCompile Include="application\CommentBout\System\BossBehaviorSystem.cpp" />
    <ClCompile Include="application\CommentBout\System\EnemyShootSystem.cpp" />
    <ClCompile Include="application\CommentBout\System\EnemyBulletHitSystem.cpp" />
    <ClCompile Include="application\CommentBout\System\EnemyRewardToBossSystem.cpp" />
    <ClCompile Include="application\CommentBout\Data\EnemyTypePresetIO.cpp" />
    <ClCompile Include="application\CommentBout\System\HpBarViewSystem.cpp" />
    <ClCompile Include="application\CommentBout\Component\OutGame\TitleMenuConfigComponent.cpp" />
    <ClCompile Include="application\CommentBout\Component\OutGame\OptionMenuConfigComponent.cpp" />
    <ClCompile Include="application\CommentBout\Component\OutGame\OptionStateComponent.cpp" />
    <ClCompile Include="application\CommentBout\Component\OutGame\PauseMenuConfigComponent.cpp" />
    <ClCompile Include="application\CommentBout\Component\OutGame\PauseStateComponent.cpp" />
    <ClCompile Include="application\CommentBout\System\DamageFlashSystem.cpp" />
    <ClCompile Include="application\CommentBout\System\RailProgressBarSystem.cpp" />
    <ClCompile Include="application\CommentBout\FieldObject\System\FieldEditorSystem.cpp" />
    <ClCompile Include="engine\Functions\ECS\System\SpriteAnimationSystem.cpp" />
  </ItemGroup>
  <ItemGroup>
    <ClInclude Include="engine\Functions\ECS\System\CameraSystem.h" />
    <ClInclude Include="engine\Assets\Audio\Audio.h" />
    <ClInclude Include="engine\Editor\ComponentRegistry.h" />
    <ClInclude Include="engine\Editor\DataDriven\SceneSerializer.h" />
    <ClInclude Include="engine\Editor\EditUtils.h" />
    <ClInclude Include="engine\Editor\Reflection.h" />
    <ClInclude Include="engine\Editor\ReflectionMacros.h" />
    <ClInclude Include="engine\Editor\ReflectionTypeTraits.h" />
    <ClInclude Include="engine\Functions\ECS\Component\CameraComponent.h" />
    <ClInclude Include="engine\Functions\ECS\Component\LightComponent.h" />
    <ClInclude Include="engine\Functions\ECS\EventBus.h" />
    <ClInclude Include="engine\Functions\ECS\Event\SceneChangeEvent.h" />
    <ClInclude Include="engine\Functions\ECS\System\DebugCameraSystem.h" />
    <ClInclude Include="engine\Functions\ECS\System\EditSystem.h" />
    <ClInclude Include="engine\Functions\Renderer\Primitive.h" />
    <ClInclude Include="engine\Assets\Animation.h" />
    <ClInclude Include="engine\Assets\ModelLoader.h" />
    <ClInclude Include="engine\Assets\Skeleton.h" />
    <ClInclude Include="engine\Functions\ECS\Component\AnimatorComponent.h" />
    <ClInclude Include="engine\Functions\ECS\Component\MaterialComponent.h" />
    <ClInclude Include="engine\Functions\ECS\Component\MeshComponent.h" />
    <ClInclude Include="engine\Functions\ECS\Component\SpriteComponent.h" />
    <ClInclude Include="engine\Assets\Texture\TexUtil.h" />
    <ClInclude Include="engine\Functions\ECS\Component\TransformComponent.h" />
    <ClInclude Include="engine\Functions\ECS\Component\Transform2DComponent.h" />
    <ClInclude Include="engine\Functions\ECS\ComponentPool.h" />
    <ClInclude Include="engine\Functions\ECS\Entity.h" />
    <ClInclude Include="engine\Functions\ECS\Registry.h" />
    <ClInclude Include="engine\Functions\ECS\System\AnimationSystem.h" />
    <ClInclude Include="engine\Functions\ECS\System\ISystem.h" />
    <ClInclude Include="engine\Functions\ECS\System\SystemManager.h" />
    <ClInclude Include="engine\Functions\Input\Input.h" />
    <ClInclude Include="engine\Functions\Renderer\RenderContext.h" />
    <ClInclude Include="engine\Functions\Renderer\RenderPass\LightPass.h" />
    <ClInclude Include="engine\Functions\Renderer\RenderPass\MeshPass.h" />
    <ClInclude Include="engine\Functions\Renderer\RenderPass\PrimitivePass.h" />
    <ClInclude Include="engine\Functions\Renderer\RenderPass\RenderPass.h" />
    <ClInclude Include="engine\Functions\Renderer\RenderPass\RenderPassScheduler.h" />
    <ClInclude Include="engine\Functions\Renderer\RenderPass\SpritePass.h" />
    <ClInclude Include="engine\Functions\Renderer\RenderSystem.h" />
    <ClInclude Include="engine\Functions\Scene\IScene.h" />
    <ClInclude Include="engine\Functions\Scene\SceneManager.h" />
    <ClInclude Include="engine\Functions\Scene\SceneNameComponent.h" />
    <ClInclude Include="engine\Math\Easing.h" />
    <ClInclude Include="engine\Math\Types\Calculations\Matrix3x3Calculations.h" />
    <ClInclude Include="engine\Math\Types\Calculations\Vector2Calculations.h" />
    <ClInclude Include="engine\Math\Types\Rect.h" />
    <ClInclude Include="engine\Math\Types\Transform2D.h" />
    <ClInclude Include="engine\NoEngine.h" />
    <ClInclude Include="engine\Runtime\Command\ComputeContext.h" />
    <ClInclude Include="engine\Runtime\GpuResource\PixelBuffer\DepthBuffer.h" />
    <ClInclude Include="engine\Assets\Mesh.h" />
    <ClInclude Include="engine\Assets\Texture\TextureManager.h" />
    <ClInclude Include="engine\Assets\Material.h" />
    <ClInclude Include="engine\Functions\Debug\CrashHandler\ExportDump.h" />
    <ClInclude Include="engine\Functions\Debug\GraphicsResourceLeakChecker.h" />
    <ClInclude Include="engine\Functions\Debug\Logger\Log.h" />
    <ClInclude Include="engine\Math\MathInclude.h" />
    <ClInclude Include="engine\Math\Types\Matrix3x3.h" />
    <ClInclude Include="engine\Math\Types\Transform.h" />
    <ClInclude Include="engine\Runtime\Command\CommandAllocator.h" />
    <ClInclude Include="engine\Runtime\Command\CommandAllocatorPool.h" />
    <ClInclude Include="engine\Runtime\Command\CommandContext.h" />
    <ClInclude Include="engine\Runtime\Command\CommandListManager.h" />
    <ClInclude Include="engine\Runtime\Command\CommandQueue.h" />
    <ClInclude Include="engine\Runtime\Command\GraphicsContext.h" />
    <ClInclude Include="engine\Runtime\ContextManager.h" />
    <ClInclude Include="engine\Runtime\DescriptorHeap\DescriptorAllocator.h" />
    <ClInclude Include="engine\Runtime\DescriptorHeap\DescriptorHandle.h" />
    <ClInclude Include="engine\Runtime\DescriptorHeap\DescriptorHeap.h" />
    <ClInclude Include="engine\Runtime\DescriptorHeap\DynamicDescriptorHeap.h" />
    <ClInclude Include="engine\Runtime\GameCore.h" />
    <ClInclude Include="engine\Runtime\GpuResource\GpuBuffer.h" />
    <ClInclude Include="engine\Runtime\GpuResource\GpuResource.h" />
    <ClInclude Include="engine\Runtime\GpuResource\LinearAllocator\LinearAllocationPage.h" />
    <ClInclude Include="engine\Runtime\GpuResource\LinearAllocator\LinearAllocator.h" />
    <ClInclude Include="engine\Runtime\GpuResource\LinearAllocator\LinearAllocatorPageManager.h" />
    <ClInclude Include="engine\Runtime\GpuResource\LinearAllocator\LinearAllocatorType.h" />
    <ClInclude Include="engine\Runtime\GpuResource\PixelBuffer\ColorBuffer.h" />
    <ClInclude Include="engine\Runtime\GpuResource\PixelBuffer\PixelBuffer.h" />
    <ClInclude Include="engine\Runtime\GpuResource\UploadBuffer.h" />
    <ClInclude Include="engine\Runtime\Graphics\GraphicsCommon.h" />
    <ClInclude Include="engine\Runtime\Graphics\GraphicsDevice.h" />
    <ClInclude Include="engine\Runtime\Graphics\GraphicsInfrastructures.h" />
    <ClInclude Include="engine\Runtime\GraphicsCore.h" />
    <ClInclude Include="engine\Runtime\Graphics\GraphicsSwapChain.h" />
    <ClInclude Include="engine\Runtime\PipelineStateObject\ComputePSO.h" />
    <ClInclude Include="engine\Runtime\PipelineStateObject\GraphicsPSO.h" />
    <ClInclude Include="engine\Runtime\PipelineStateObject\PSO.h" />
    <ClInclude Include="engine\Runtime\PipelineStateObject\RootParameter.h" />
    <ClInclude Include="engine\Runtime\PipelineStateObject\RootSignature.h" />
    <ClInclude Include="engine\Functions\Shader\ShaderModule.h" />
    <ClInclude Include="engine\Functions\Shader\ShaderReflection.h" />
    <ClInclude Include="engine\Math\Color\Color.h" />
    <ClInclude Include="engine\Math\Common.h" />
    <ClInclude Include="engine\Math\Types\Calculations\Matrix4x4Calculations.h" />
    <ClInclude Include="engine\Math\Types\Calculations\QuaternionCalculations.h" />
    <ClInclude Include="engine\Math\Types\Calculations\Vector3Calculations.h" />
    <ClInclude Include="engine\Math\Types\Matrix4x4.h" />
    <ClInclude Include="engine\Math\Types\Quaternion.h" />
    <ClInclude Include="engine\Math\Types\Vector2.h" />
    <ClInclude Include="engine\Math\Types\Vector3.h" />
    <ClInclude Include="engine\Math\Types\Vector4.h" />
    <ClInclude Include="engine\Functions\Shader\ShaderStage.h" />
    <ClInclude Include="engine\Utilities\Conversion\ConvertString.h" />
    <ClInclude Include="engine\Utilities\FileUtilities.h" />
    <ClInclude Include="engine\Utilities\Hash.h" />
    <ClInclude Include="engine\Utilities\NonCopyable.h" />
    <ClInclude Include="engine\Utilities\PassKeys.h" />
    <ClInclude Include="engine\Utilities\TypeIndex.h" />
    <ClInclude Include="engine\Window\Event\Default\CloseEvent.h" />
    <ClInclude Include="engine\Window\Event\Default\EnterSizeMoveEvent.h" />
    <ClInclude Include="engine\Window\Event\Default\GetMinMaxInfoEvent.h" />
    <ClInclude Include="engine\Window\Event\Default\SizeEvent.h" />
    <ClInclude Include="engine\Window\Event\Default\SizingEvent.h" />
    <ClInclude Include="engine\Window\Event\IWindowEvent.h" />
    <ClInclude Include="engine\Window\Event\MainEditor\MainEditorWindowCloseEvent.h" />
    <ClInclude Include="engine\Window\Window.h" />
    <ClInclude Include="engine\Window\WindowCore.h" />
    <ClInclude Include="engine\Window\WindowManager.h" />
    <ClInclude Include="engine\Window\WindowSize.h" />
    <ClInclude Include="externals\imgui\imconfig.h" />
    <ClInclude Include="externals\imgui\imgui.h" />
    <ClInclude Include="externals\imgui\imgui_impl_dx12.h" />
    <ClInclude Include="externals\imgui\imgui_impl_win32.h" />
    <ClInclude Include="externals\imgui\imgui_internal.h" />
    <ClInclude Include="externals\imgui\imstb_rectpack.h" />
    <ClInclude Include="externals\imgui\imstb_textedit.h" />
    <ClInclude Include="externals\imgui\imstb_truetype.h" />
    <ClInclude Include="engine\Editor\ImGuiManager.h" />
    <ClInclude Include="resource.h" />
    <ClInclude Include="stdafx.h" />
    <ClInclude Include="engine\Assets\Texture\Texture.h" />
    <ClInclude Include="engine\Functions\ECS\Registry.hpp" />
    <ClInclude Include="application\CommentBout\CommentBout.h" />
    <ClInclude Include="application\CommentBout\GameTag.h" />
    <ClInclude Include="application\CommentBout\Component\PlayerComponent.h" />
    <ClInclude Include="application\CommentBout\Component\GameResourceComponent.h" />
    <ClInclude Include="application\CommentBout\System\PlayerControlSystem.h" />
    <ClInclude Include="application\CommentBout\Collision\Utility\CollisionMask.h" />
    <ClInclude Include="application\CommentBout\Collision\Utility\CollisionAlgorithms.h" />
    <ClInclude Include="application\CommentBout\Collision\Component\ProjectedColliderComponent.h" />
    <ClInclude Include="application\CommentBout\Collision\Component\Collider3DComponent.h" />
    <ClInclude Include="application\CommentBout\Collision\Component\Collider2DComponent.h" />
    <ClInclude Include="application\CommentBout\Collision\System\CollisionSystem.h" />
    <ClInclude Include="application\CommentBout\System\LifetimeSystem.h" />
    <ClInclude Include="application\CommentBout\Component\PlayerAttackComponent.h" />
    <ClInclude Include="application\CommentBout\Utility\CBCollisionMask.h" />
    <ClInclude Include="application\CommentBout\Component\LifetimeComponent.h" />
    <ClInclude Include="application\CommentBout\Scene\TitleScene.h" />
    <ClInclude Include="application\CommentBout\Component\OutGame\PauseStateComponent.h" />
    <ClInclude Include="application\CommentBout\Utility\CBSpriteLayer.h" />
    <ClInclude Include="application\CommentBout\Component\OutGame\OptionStateComponent.h" />
    <ClInclude Include="application\CommentBout\Component\OutGame\OptionMenuConfigComponent.h" />
    <ClInclude Include="application\CommentBout\Utility\CBGameAudio.h" />
    <ClInclude Include="application\CommentBout\Event\OptionMenuEvent.h" />
    <ClInclude Include="application\CommentBout\System\OutGame\OptionSystem.h" />
    <ClInclude Include="application\CommentBout\Component\OutGame\OptionMenuViewComponent.h" />
    <ClInclude Include="application\CommentBout\Component\OutGame\PauseMenuConfigComponent.h" />
    <ClInclude Include="application\CommentBout\Component\OutGame\PauseMenuViewComponent.h" />
    <ClInclude Include="application\CommentBout\System\OutGame\OptionViewSystem.h" />
    <ClInclude Include="application\CommentBout\System\OutGame\PauseSystem.h" />
    <ClInclude Include="application\CommentBout\System\OutGame\PauseViewSystem.h" />
    <ClInclude Include="application\CommentBout\Scene\GameScene.h" />
    <ClInclude Include="application\CommentBout\Spawner\OptionMenuSpawner.h" />
    <ClInclude Include="application\CommentBout\Component\OutGame\TitleMenuStateComponent.h" />
    <ClInclude Include="application\CommentBout\Component\OutGame\TitleMenuConfigComponent.h" />
    <ClInclude Include="application\CommentBout\Component\OutGame\TitleMenuViewComponent.h" />
    <ClInclude Include="application\CommentBout\System\OutGame\TitleSystem.h" />
    <ClInclude Include="application\CommentBout\System\OutGame\TitleViewSystem.h" />
    <ClInclude Include="application\CommentBout\Spawner\TitleMenuSpawner.h" />
    <ClInclude Include="application\CommentBout\Component\RailCameraComponent.h" />
    <ClInclude Include="application\CommentBout\System\RailCameraSystem.h" />
    <ClInclude Include="application\CommentBout\Spawner\PauseMenuSpawner.h" />
    <ClInclude Include="application\CommentBout\Editor\GameEventEditor.h" />
    <ClInclude Include="application\CommentBout\Editor\RailCameraEditor.h" />
    <ClInclude Include="application\CommentBout\Data\RailDataIO.h" />
    <ClInclude Include="application\CommentBout\Component\EnemyComponent.h" />
    <ClInclude Include="application\CommentBout\System\EnemySystem.h" />
    <ClInclude Include="application\CommentBout\Component\AttackDamageComponent.h" />
    <ClInclude Include="application\CommentBout\Component\PlayerHitboxComponent.h" />
    <ClInclude Include="application\TestApp\Scene\TestScene.h" />
    <ClInclude Include="application\TestApp\Scene\TestScene2.h" />
    <ClInclude Include="engine\Functions\ECS\Component\CameraComponent.h" />
    <ClInclude Include="engine\Functions\ECS\System\CameraSystem.h" />
    <ClInclude Include="engine\Functions\ECS\System\DebugCameraSystem.h" />
    <ClInclude Include="engine\Functions\Renderer\RenderPass\ParticlePass.h" />
    <ClInclude Include="engine\Functions\ECS\Component\ParticleEmitterComponent.h" />
    <ClInclude Include="application\TestApp\System\ParticleTestSystem.h" />
    <ClInclude Include="engine\Utilities\Random.h" />
    <ClInclude Include="engine\Functions\ECS\Component\StartTransformComponent.h" />
    <ClInclude Include="engine\Functions\ECS\Component\PauseComponent.h" />
    <ClInclude Include="application\TestApp\Scene\TestScene3.h" />
    <ClInclude Include="application\TestApp\System\TestSystem.h" />
    <ClInclude Include="application\TestApp\TestApp.h" />
    <ClInclude Include="application\CommentBout\Collision\Utility\CoordinateConverter.h" />
    <ClInclude Include="application\CommentBout\Component\InvincibleComponent.h" />
    <ClInclude Include="application\CommentBout\Component\HealthComponent.h" />
    <ClInclude Include="application\CommentBout\Component\DamageRequestComponent.h" />
    <ClInclude Include="application\CommentBout\System\DamageApplySystem.h" />
    <ClInclude Include="application\CommentBout\System\PlayerAttackResolveSystem.h" />
    <ClInclude Include="application\CommentBout\Component\SpawnEnemyRequestComponent.h" />
    <ClInclude Include="application\CommentBout\System\EnemySpawnSystem.h" />
    <ClInclude Include="application\CommentBout\System\EnemyMoveSystem.h" />
    <ClInclude Include="application\CommentBout\System\EnemyContactDamageSystem.h" />
    <ClInclude Include="application\CommentBout\System\EnemyVisualSystem.h" />
    <ClInclude Include="application\CommentBout\System\PlayerInfoDebugSystem.h" />
    <ClInclude Include="application\CommentBout\Component\EnemyShooterComponent.h" />
    <ClInclude Include="application\CommentBout\Component\BossComponent.h" />
    <ClInclude Include="application\CommentBout\System\BossBehaviorSystem.h" />
    <ClInclude Include="application\CommentBout\Component\EnemyRewardOrbComponent.h" />
    <ClInclude Include="application\CommentBout\Component\EnemyBulletComponent.h" />
    <ClInclude Include="application\CommentBout\Component\EnemyRewardSourceComponent.h" />
    <ClInclude Include="application\CommentBout\System\EnemyShootSystem.h" />
    <ClInclude Include="application\CommentBout\System\EnemyBulletHitSystem.h" />
    <ClInclude Include="application\CommentBout\System\EnemyRewardToBossSystem.h" />
    <ClInclude Include="application\CommentBout\Data\EnemyTypePresetIO.h" />
    <ClInclude Include="application\CommentBout\Component\HpBarComponent.h" />
    <ClInclude Include="application\CommentBout\System\HpBarViewSystem.h" />
    <ClInclude Include="application\CommentBout\Component\OutGame\OutGameComponets.h" />
    <ClInclude Include="application\CommentBout\Component\DamageFlashComponent.h" />
    <ClInclude Include="application\CommentBout\System\DamageFlashSystem.h" />
    <ClInclude Include="application\CommentBout\Component\RailProgressBarComponent.h" />
    <ClInclude Include="application\CommentBout\System\RailProgressBarSystem.h" />
    <ClInclude Include="application\CommentBout\Utility\EnemyVisibilityUtility.h" />
    <ClInclude Include="application\CommentBout\FieldObject\Component\FieldPlacementComponent.h" />
    <ClInclude Include="application\CommentBout\FieldObject\System\FieldEditorSystem.h" />
    <ClInclude Include="application\CommentBout\Component\PlayerConfigComponent.h" />
    <ClInclude Include="engine\Functions\ECS\Component\Animator2DComponent.h" />
    <ClInclude Include="engine\Functions\ECS\System\SpriteAnimationSystem.h" />
  </ItemGroup>
  <ItemGroup>
    <ResourceCompile Include="NoEngine.rc" />
  </ItemGroup>
  <ItemGroup>
    <Image Include="resources\game\td_2304\game.ico" />
  </ItemGroup>
  <ItemGroup>
    <None Include="resources\engine\Shaders\Default.hlsli" />
    <None Include="resources\game\Shaders\ShaderMathUtil.hlsli" />
    <None Include="resources\game\td_2304\Json\tdSpriteConfig.json" />
    <None Include="resources\game\td_3105\RailData\sample_rail.json" />
    <None Include="resources\game\td_3105\RailData\Stage_01_rail.json" />
    <None Include="resources\game\td_3105\RailData\Stage_01_events.json" />
    <None Include="resources\game\td_3105\RailData\EnemyTypePreset.json" />
    <None Include="application\CommentBout\IMPLEMENTATION_PLAN.md" />
    <None Include="application\CommentBout\REFACTORING_PLAN_20260326.md" />
    <None Include="resources\game\td_3105\RailData\FieldObjectTypeDefaults.json" />
    <None Include="resources\game\td_3105\RailData\Stage_01_field_objects.json" />
    <None Include="resources\game\td_3105\RailData\PlayerConfig.json" />
  </ItemGroup>
</Project>